
Microsoft Visual Studio Solution File, Format Version 12.00
# Visual Studio Version 16
VisualStudioVersion = 16.0.35130.168
MinimumVisualStudioVersion = 10.0.40219.1
Project("{FAE04EC0-301F-11D3-BF4B-00C04F79EFBC}") = "Assignment_No5", "Assignment_No5.csproj", "{EB273CE9-2E7F-4EA5-A76C-B176F494619E}"
EndProject
Global
	GlobalSection(SolutionConfigurationPlatforms) = preSolution
		Debug|Any CPU = Debug|Any CPU
		Release|Any CPU = Release|Any CPU
	EndGlobalSection
	GlobalSection(ProjectConfigurationPlatforms) = postSolution
		{EB273CE9-2E7F-4EA5-A76C-B176F494619E}.Debug|Any CPU.ActiveCfg = Debug|Any CPU
		{EB273CE9-2E7F-4EA5-A76C-B176F494619E}.Debug|Any CPU.Build.0 = Debug|Any CPU
		{EB273CE9-2E7F-4EA5-A76C-B176F494619E}.Release|Any CPU.ActiveCfg = Release|Any CPU
		{EB273CE9-2E7F-4EA5-A76C-B176F494619E}.Release|Any CPU.Build.0 = Release|Any CPU
	EndGlobalSection
	GlobalSection(SolutionProperties) = preSolution
		HideSolutionNode = FALSE
	EndGlobalSection
	GlobalSection(ExtensibilityGlobals) = postSolution
		SolutionGuid = {054F5747-274A-4A82-833C-C5707A971D17}
	EndGlobalSection
EndGlobal
