
Microsoft Visual Studio Solution File, Format Version 12.00
# Visual Studio Version 16
VisualStudioVersion = 16.0.35130.168
MinimumVisualStudioVersion = 10.0.40219.1
Project("{FAE04EC0-301F-11D3-BF4B-00C04F79EFBC}") = "Assignment_No6", "Assignment_No6.csproj", "{46C7ABCB-410E-477C-B134-76AFE98A8B03}"
EndProject
Global
	GlobalSection(SolutionConfigurationPlatforms) = preSolution
		Debug|Any CPU = Debug|Any CPU
		Release|Any CPU = Release|Any CPU
	EndGlobalSection
	GlobalSection(ProjectConfigurationPlatforms) = postSolution
		{46C7ABCB-410E-477C-B134-76AFE98A8B03}.Debug|Any CPU.ActiveCfg = Debug|Any CPU
		{46C7ABCB-410E-477C-B134-76AFE98A8B03}.Debug|Any CPU.Build.0 = Debug|Any CPU
		{46C7ABCB-410E-477C-B134-76AFE98A8B03}.Release|Any CPU.ActiveCfg = Release|Any CPU
		{46C7ABCB-410E-477C-B134-76AFE98A8B03}.Release|Any CPU.Build.0 = Release|Any CPU
	EndGlobalSection
	GlobalSection(SolutionProperties) = preSolution
		HideSolutionNode = FALSE
	EndGlobalSection
	GlobalSection(ExtensibilityGlobals) = postSolution
		SolutionGuid = {E8E7D666-5D5F-454B-ACA8-0AADB30A9D1F}
	EndGlobalSection
EndGlobal
