
Microsoft Visual Studio Solution File, Format Version 12.00
# Visual Studio Version 16
VisualStudioVersion = 16.0.35130.168
MinimumVisualStudioVersion = 10.0.40219.1
Project("{FAE04EC0-301F-11D3-BF4B-00C04F79EFBC}") = "Assignment_No7", "Assignment_No7.csproj", "{63C7B5CE-AFD8-4360-BDD6-A28283027504}"
EndProject
Global
	GlobalSection(SolutionConfigurationPlatforms) = preSolution
		Debug|Any CPU = Debug|Any CPU
		Release|Any CPU = Release|Any CPU
	EndGlobalSection
	GlobalSection(ProjectConfigurationPlatforms) = postSolution
		{63C7B5CE-AFD8-4360-BDD6-A28283027504}.Debug|Any CPU.ActiveCfg = Debug|Any CPU
		{63C7B5CE-AFD8-4360-BDD6-A28283027504}.Debug|Any CPU.Build.0 = Debug|Any CPU
		{63C7B5CE-AFD8-4360-BDD6-A28283027504}.Release|Any CPU.ActiveCfg = Release|Any CPU
		{63C7B5CE-AFD8-4360-BDD6-A28283027504}.Release|Any CPU.Build.0 = Release|Any CPU
	EndGlobalSection
	GlobalSection(SolutionProperties) = preSolution
		HideSolutionNode = FALSE
	EndGlobalSection
	GlobalSection(ExtensibilityGlobals) = postSolution
		SolutionGuid = {A7B830BF-413A-4153-9F42-44B2C316F3C5}
	EndGlobalSection
EndGlobal
